// !$*UTF8*$!
{
	archiveVersion = 1;
	classes = {
	};
	objectVersion = 46;
	objects = {

/* Begin PBXBuildFile section */
		50F4CADB18DFAB00005F4C8E /* Foundation.framework in Frameworks */ = {isa = PBXBuildFile; fileRef = 50F4CADA18DFAB00005F4C8E /* Foundation.framework */; };
		50F4CADD18DFAB00005F4C8E /* CoreGraphics.framework in Frameworks */ = {isa = PBXBuildFile; fileRef = 50F4CADC18DFAB00005F4C8E /* CoreGraphics.framework */; };
		50F4CADF18DFAB00005F4C8E /* UIKit.framework in Frameworks */ = {isa = PBXBuildFile; fileRef = 50F4CADE18DFAB00005F4C8E /* UIKit.framework */; };
		50F4CAE518DFAB00005F4C8E /* InfoPlist.strings in Resources */ = {isa = PBXBuildFile; fileRef = 50F4CAE318DFAB00005F4C8E /* InfoPlist.strings */; };
		50F4CAE718DFAB00005F4C8E /* main.m in Sources */ = {isa = PBXBuildFile; fileRef = 50F4CAE618DFAB00005F4C8E /* main.m */; };
		50F4CAEB18DFAB00005F4C8E /* AppDelegate.m in Sources */ = {isa = PBXBuildFile; fileRef = 50F4CAEA18DFAB00005F4C8E /* AppDelegate.m */; };
		50F4CAEE18DFAB00005F4C8E /* Main.storyboard in Resources */ = {isa = PBXBuildFile; fileRef = 50F4CAEC18DFAB00005F4C8E /* Main.storyboard */; };
		50F4CAF118DFAB00005F4C8E /* ViewController.m in Sources */ = {isa = PBXBuildFile; fileRef = 50F4CAF018DFAB00005F4C8E /* ViewController.m */; };
		50F4CAF318DFAB00005F4C8E /* Images.xcassets in Resources */ = {isa = PBXBuildFile; fileRef = 50F4CAF218DFAB00005F4C8E /* Images.xcassets */; };
		50F4CAFA18DFAB00005F4C8E /* XCTest.framework in Frameworks */ = {isa = PBXBuildFile; fileRef = 50F4CAF918DFAB00005F4C8E /* XCTest.framework */; };
		50F4CAFB18DFAB00005F4C8E /* Foundation.framework in Frameworks */ = {isa = PBXBuildFile; fileRef = 50F4CADA18DFAB00005F4C8E /* Foundation.framework */; };
		50F4CAFC18DFAB00005F4C8E /* UIKit.framework in Frameworks */ = {isa = PBXBuildFile; fileRef = 50F4CADE18DFAB00005F4C8E /* UIKit.framework */; };
		50F4CB0418DFAB00005F4C8E /* InfoPlist.strings in Resources */ = {isa = PBXBuildFile; fileRef = 50F4CB0218DFAB00005F4C8E /* InfoPlist.strings */; };
		50F4CB0618DFAB00005F4C8E /* SubliminalNewReadmeTests.m in Sources */ = {isa = PBXBuildFile; fileRef = 50F4CB0518DFAB00005F4C8E /* SubliminalNewReadmeTests.m */; };
		50F4CB7F18DFAC15005F4C8E /* ViewController.m in Sources */ = {isa = PBXBuildFile; fileRef = 50F4CAF018DFAB00005F4C8E /* ViewController.m */; };
		50F4CB8018DFAC15005F4C8E /* AppDelegate.m in Sources */ = {isa = PBXBuildFile; fileRef = 50F4CAEA18DFAB00005F4C8E /* AppDelegate.m */; };
		50F4CB8118DFAC15005F4C8E /* main.m in Sources */ = {isa = PBXBuildFile; fileRef = 50F4CAE618DFAB00005F4C8E /* main.m */; };
		50F4CB8318DFAC15005F4C8E /* CoreGraphics.framework in Frameworks */ = {isa = PBXBuildFile; fileRef = 50F4CADC18DFAB00005F4C8E /* CoreGraphics.framework */; };
		50F4CB8418DFAC15005F4C8E /* UIKit.framework in Frameworks */ = {isa = PBXBuildFile; fileRef = 50F4CADE18DFAB00005F4C8E /* UIKit.framework */; };
		50F4CB8518DFAC15005F4C8E /* Foundation.framework in Frameworks */ = {isa = PBXBuildFile; fileRef = 50F4CADA18DFAB00005F4C8E /* Foundation.framework */; };
		50F4CB8718DFAC15005F4C8E /* Images.xcassets in Resources */ = {isa = PBXBuildFile; fileRef = 50F4CAF218DFAB00005F4C8E /* Images.xcassets */; };
		50F4CB8818DFAC15005F4C8E /* InfoPlist.strings in Resources */ = {isa = PBXBuildFile; fileRef = 50F4CAE318DFAB00005F4C8E /* InfoPlist.strings */; };
		50F4CB8918DFAC15005F4C8E /* Main.storyboard in Resources */ = {isa = PBXBuildFile; fileRef = 50F4CAEC18DFAB00005F4C8E /* Main.storyboard */; };
		50F4CB8F18DFAC49005F4C8E /* libSubliminal.a in Frameworks */ = {isa = PBXBuildFile; fileRef = 50F4CB7618DFAC0A005F4C8E /* libSubliminal.a */; };
		50F4CB9318DFAC5C005F4C8E /* Integration Tests.xcconfig in Resources */ = {isa = PBXBuildFile; fileRef = 50F4CB9218DFAC5C005F4C8E /* Integration Tests.xcconfig */; };
		50F4CB9718DFAD27005F4C8E /* ATest.m in Sources */ = {isa = PBXBuildFile; fileRef = 50F4CB9618DFAD27005F4C8E /* ATest.m */; };
/* End PBXBuildFile section */

/* Begin PBXContainerItemProxy section */
		50F4CAFD18DFAB00005F4C8E /* PBXContainerItemProxy */ = {
			isa = PBXContainerItemProxy;
			containerPortal = 50F4CACF18DFAB00005F4C8E /* Project object */;
			proxyType = 1;
			remoteGlobalIDString = 50F4CAD618DFAB00005F4C8E;
			remoteInfo = SubliminalNewReadme;
		};
		50F4CB7518DFAC0A005F4C8E /* PBXContainerItemProxy */ = {
			isa = PBXContainerItemProxy;
			containerPortal = 50F4CB6C18DFAC0A005F4C8E /* Subliminal.xcodeproj */;
			proxyType = 2;
			remoteGlobalIDString = F0695D8B16011515000B05D0;
			remoteInfo = Subliminal;
		};
		50F4CB7718DFAC0A005F4C8E /* PBXContainerItemProxy */ = {
			isa = PBXContainerItemProxy;
			containerPortal = 50F4CB6C18DFAC0A005F4C8E /* Subliminal.xcodeproj */;
			proxyType = 2;
			remoteGlobalIDString = F0D240521683F7130031B67C;
			remoteInfo = "Subliminal Unit Tests";
		};
		50F4CB7918DFAC0A005F4C8E /* PBXContainerItemProxy */ = {
			isa = PBXContainerItemProxy;
			containerPortal = 50F4CB6C18DFAC0A005F4C8E /* Subliminal.xcodeproj */;
			proxyType = 2;
			remoteGlobalIDString = F0AC809416BB299500C5D5C0;
			remoteInfo = "Subliminal Integration Tests";
		};
		50F4CB7B18DFAC0A005F4C8E /* PBXContainerItemProxy */ = {
			isa = PBXContainerItemProxy;
			containerPortal = 50F4CB6C18DFAC0A005F4C8E /* Subliminal.xcodeproj */;
			proxyType = 2;
			remoteGlobalIDString = F02578891890FF7A0084A6DB;
			remoteInfo = SLLogger;
		};
		50F4CB9018DFAC4E005F4C8E /* PBXContainerItemProxy */ = {
			isa = PBXContainerItemProxy;
			containerPortal = 50F4CB6C18DFAC0A005F4C8E /* Subliminal.xcodeproj */;
			proxyType = 1;
			remoteGlobalIDString = F0695D8A16011515000B05D0;
			remoteInfo = Subliminal;
		};
/* End PBXContainerItemProxy section */

/* Begin PBXFileReference section */
		50F4CAD718DFAB00005F4C8E /* SubliminalNewReadme.app */ = {isa = PBXFileReference; explicitFileType = wrapper.application; includeInIndex = 0; path = SubliminalNewReadme.app; sourceTree = BUILT_PRODUCTS_DIR; };
		50F4CADA18DFAB00005F4C8E /* Foundation.framework */ = {isa = PBXFileReference; lastKnownFileType = wrapper.framework; name = Foundation.framework; path = System/Library/Frameworks/Foundation.framework; sourceTree = SDKROOT; };
		50F4CADC18DFAB00005F4C8E /* CoreGraphics.framework */ = {isa = PBXFileReference; lastKnownFileType = wrapper.framework; name = CoreGraphics.framework; path = System/Library/Frameworks/CoreGraphics.framework; sourceTree = SDKROOT; };
		50F4CADE18DFAB00005F4C8E /* UIKit.framework */ = {isa = PBXFileReference; lastKnownFileType = wrapper.framework; name = UIKit.framework; path = System/Library/Frameworks/UIKit.framework; sourceTree = SDKROOT; };
		50F4CAE218DFAB00005F4C8E /* SubliminalNewReadme-Info.plist */ = {isa = PBXFileReference; lastKnownFileType = text.plist.xml; path = "SubliminalNewReadme-Info.plist"; sourceTree = "<group>"; };
		50F4CAE418DFAB00005F4C8E /* en */ = {isa = PBXFileReference; lastKnownFileType = text.plist.strings; name = en; path = en.lproj/InfoPlist.strings; sourceTree = "<group>"; };
		50F4CAE618DFAB00005F4C8E /* main.m */ = {isa = PBXFileReference; lastKnownFileType = sourcecode.c.objc; path = main.m; sourceTree = "<group>"; };
		50F4CAE818DFAB00005F4C8E /* SubliminalNewReadme-Prefix.pch */ = {isa = PBXFileReference; lastKnownFileType = sourcecode.c.h; path = "SubliminalNewReadme-Prefix.pch"; sourceTree = "<group>"; };
		50F4CAE918DFAB00005F4C8E /* AppDelegate.h */ = {isa = PBXFileReference; lastKnownFileType = sourcecode.c.h; path = AppDelegate.h; sourceTree = "<group>"; };
		50F4CAEA18DFAB00005F4C8E /* AppDelegate.m */ = {isa = PBXFileReference; lastKnownFileType = sourcecode.c.objc; path = AppDelegate.m; sourceTree = "<group>"; };
		50F4CAED18DFAB00005F4C8E /* Base */ = {isa = PBXFileReference; lastKnownFileType = file.storyboard; name = Base; path = Base.lproj/Main.storyboard; sourceTree = "<group>"; };
		50F4CAEF18DFAB00005F4C8E /* ViewController.h */ = {isa = PBXFileReference; lastKnownFileType = sourcecode.c.h; path = ViewController.h; sourceTree = "<group>"; };
		50F4CAF018DFAB00005F4C8E /* ViewController.m */ = {isa = PBXFileReference; lastKnownFileType = sourcecode.c.objc; path = ViewController.m; sourceTree = "<group>"; };
		50F4CAF218DFAB00005F4C8E /* Images.xcassets */ = {isa = PBXFileReference; lastKnownFileType = folder.assetcatalog; path = Images.xcassets; sourceTree = "<group>"; };
		50F4CAF818DFAB00005F4C8E /* SubliminalNewReadmeTests.xctest */ = {isa = PBXFileReference; explicitFileType = wrapper.cfbundle; includeInIndex = 0; path = SubliminalNewReadmeTests.xctest; sourceTree = BUILT_PRODUCTS_DIR; };
		50F4CAF918DFAB00005F4C8E /* XCTest.framework */ = {isa = PBXFileReference; lastKnownFileType = wrapper.framework; name = XCTest.framework; path = Library/Frameworks/XCTest.framework; sourceTree = DEVELOPER_DIR; };
		50F4CB0118DFAB00005F4C8E /* SubliminalNewReadmeTests-Info.plist */ = {isa = PBXFileReference; lastKnownFileType = text.plist.xml; path = "SubliminalNewReadmeTests-Info.plist"; sourceTree = "<group>"; };
		50F4CB0318DFAB00005F4C8E /* en */ = {isa = PBXFileReference; lastKnownFileType = text.plist.strings; name = en; path = en.lproj/InfoPlist.strings; sourceTree = "<group>"; };
		50F4CB0518DFAB00005F4C8E /* SubliminalNewReadmeTests.m */ = {isa = PBXFileReference; lastKnownFileType = sourcecode.c.objc; path = SubliminalNewReadmeTests.m; sourceTree = "<group>"; };
		50F4CB6C18DFAC0A005F4C8E /* Subliminal.xcodeproj */ = {isa = PBXFileReference; lastKnownFileType = "wrapper.pb-project"; name = Subliminal.xcodeproj; path = Subliminal/Subliminal.xcodeproj; sourceTree = "<group>"; };
		50F4CB8D18DFAC15005F4C8E /* SubliminalNewReadme (Integration Tests).app */ = {isa = PBXFileReference; explicitFileType = wrapper.application; includeInIndex = 0; path = "SubliminalNewReadme (Integration Tests).app"; sourceTree = BUILT_PRODUCTS_DIR; };
		50F4CB9218DFAC5C005F4C8E /* Integration Tests.xcconfig */ = {isa = PBXFileReference; fileEncoding = 4; lastKnownFileType = text.xcconfig; name = "Integration Tests.xcconfig"; path = "Subliminal/Supporting Files/Xcode/Integration Tests.xcconfig"; sourceTree = "<group>"; };
		50F4CB9618DFAD27005F4C8E /* ATest.m */ = {isa = PBXFileReference; fileEncoding = 4; lastKnownFileType = sourcecode.c.objc; path = ATest.m; sourceTree = "<group>"; };
/* End PBXFileReference section */

/* Begin PBXFrameworksBuildPhase section */
		50F4CAD418DFAB00005F4C8E /* Frameworks */ = {
			isa = PBXFrameworksBuildPhase;
			buildActionMask = 2147483647;
			files = (
				50F4CADD18DFAB00005F4C8E /* CoreGraphics.framework in Frameworks */,
				50F4CADF18DFAB00005F4C8E /* UIKit.framework in Frameworks */,
				50F4CADB18DFAB00005F4C8E /* Foundation.framework in Frameworks */,
			);
			runOnlyForDeploymentPostprocessing = 0;
		};
		50F4CAF518DFAB00005F4C8E /* Frameworks */ = {
			isa = PBXFrameworksBuildPhase;
			buildActionMask = 2147483647;
			files = (
				50F4CAFA18DFAB00005F4C8E /* XCTest.framework in Frameworks */,
				50F4CAFC18DFAB00005F4C8E /* UIKit.framework in Frameworks */,
				50F4CAFB18DFAB00005F4C8E /* Foundation.framework in Frameworks */,
			);
			runOnlyForDeploymentPostprocessing = 0;
		};
		50F4CB8218DFAC15005F4C8E /* Frameworks */ = {
			isa = PBXFrameworksBuildPhase;
			buildActionMask = 2147483647;
			files = (
				50F4CB8F18DFAC49005F4C8E /* libSubliminal.a in Frameworks */,
				50F4CB8318DFAC15005F4C8E /* CoreGraphics.framework in Frameworks */,
				50F4CB8418DFAC15005F4C8E /* UIKit.framework in Frameworks */,
				50F4CB8518DFAC15005F4C8E /* Foundation.framework in Frameworks */,
			);
			runOnlyForDeploymentPostprocessing = 0;
		};
/* End PBXFrameworksBuildPhase section */

/* Begin PBXGroup section */
		50F4CACE18DFAB00005F4C8E = {
			isa = PBXGroup;
			children = (
				50F4CB0F18DFABDA005F4C8E /* Integration Tests */,
				50F4CAE018DFAB00005F4C8E /* SubliminalNewReadme */,
				50F4CAFF18DFAB00005F4C8E /* SubliminalNewReadmeTests */,
				50F4CAD918DFAB00005F4C8E /* Frameworks */,
				50F4CAD818DFAB00005F4C8E /* Products */,
			);
			sourceTree = "<group>";
		};
		50F4CAD818DFAB00005F4C8E /* Products */ = {
			isa = PBXGroup;
			children = (
				50F4CAD718DFAB00005F4C8E /* SubliminalNewReadme.app */,
				50F4CAF818DFAB00005F4C8E /* SubliminalNewReadmeTests.xctest */,
				50F4CB8D18DFAC15005F4C8E /* SubliminalNewReadme (Integration Tests).app */,
			);
			name = Products;
			sourceTree = "<group>";
		};
		50F4CAD918DFAB00005F4C8E /* Frameworks */ = {
			isa = PBXGroup;
			children = (
				50F4CADA18DFAB00005F4C8E /* Foundation.framework */,
				50F4CADC18DFAB00005F4C8E /* CoreGraphics.framework */,
				50F4CADE18DFAB00005F4C8E /* UIKit.framework */,
				50F4CAF918DFAB00005F4C8E /* XCTest.framework */,
			);
			name = Frameworks;
			sourceTree = "<group>";
		};
		50F4CAE018DFAB00005F4C8E /* SubliminalNewReadme */ = {
			isa = PBXGroup;
			children = (
				50F4CAE918DFAB00005F4C8E /* AppDelegate.h */,
				50F4CAEA18DFAB00005F4C8E /* AppDelegate.m */,
				50F4CAEC18DFAB00005F4C8E /* Main.storyboard */,
				50F4CAEF18DFAB00005F4C8E /* ViewController.h */,
				50F4CAF018DFAB00005F4C8E /* ViewController.m */,
				50F4CAF218DFAB00005F4C8E /* Images.xcassets */,
				50F4CAE118DFAB00005F4C8E /* Supporting Files */,
			);
			path = SubliminalNewReadme;
			sourceTree = "<group>";
		};
		50F4CAE118DFAB00005F4C8E /* Supporting Files */ = {
			isa = PBXGroup;
			children = (
				50F4CAE218DFAB00005F4C8E /* SubliminalNewReadme-Info.plist */,
				50F4CAE318DFAB00005F4C8E /* InfoPlist.strings */,
				50F4CAE618DFAB00005F4C8E /* main.m */,
				50F4CAE818DFAB00005F4C8E /* SubliminalNewReadme-Prefix.pch */,
			);
			name = "Supporting Files";
			sourceTree = "<group>";
		};
		50F4CAFF18DFAB00005F4C8E /* SubliminalNewReadmeTests */ = {
			isa = PBXGroup;
			children = (
				50F4CB0518DFAB00005F4C8E /* SubliminalNewReadmeTests.m */,
				50F4CB0018DFAB00005F4C8E /* Supporting Files */,
			);
			path = SubliminalNewReadmeTests;
			sourceTree = "<group>";
		};
		50F4CB0018DFAB00005F4C8E /* Supporting Files */ = {
			isa = PBXGroup;
			children = (
				50F4CB0118DFAB00005F4C8E /* SubliminalNewReadmeTests-Info.plist */,
				50F4CB0218DFAB00005F4C8E /* InfoPlist.strings */,
			);
			name = "Supporting Files";
			sourceTree = "<group>";
		};
		50F4CB0F18DFABDA005F4C8E /* Integration Tests */ = {
			isa = PBXGroup;
			children = (
				50F4CB9618DFAD27005F4C8E /* ATest.m */,
				50F4CB9218DFAC5C005F4C8E /* Integration Tests.xcconfig */,
				50F4CB6C18DFAC0A005F4C8E /* Subliminal.xcodeproj */,
			);
			path = "Integration Tests";
			sourceTree = "<group>";
		};
		50F4CB6D18DFAC0A005F4C8E /* Products */ = {
			isa = PBXGroup;
			children = (
				50F4CB7618DFAC0A005F4C8E /* libSubliminal.a */,
				50F4CB7818DFAC0A005F4C8E /* Subliminal (Unit Tests).octest */,
				50F4CB7A18DFAC0A005F4C8E /* Subliminal (Integration Tests).app */,
				50F4CB7C18DFAC0A005F4C8E /* SLLogger.framework */,
			);
			name = Products;
			sourceTree = "<group>";
		};
/* End PBXGroup section */

/* Begin PBXNativeTarget section */
		50F4CAD618DFAB00005F4C8E /* SubliminalNewReadme */ = {
			isa = PBXNativeTarget;
			buildConfigurationList = 50F4CB0918DFAB00005F4C8E /* Build configuration list for PBXNativeTarget "SubliminalNewReadme" */;
			buildPhases = (
				50F4CAD318DFAB00005F4C8E /* Sources */,
				50F4CAD418DFAB00005F4C8E /* Frameworks */,
				50F4CAD518DFAB00005F4C8E /* Resources */,
			);
			buildRules = (
			);
			dependencies = (
			);
			name = SubliminalNewReadme;
			productName = SubliminalNewReadme;
			productReference = 50F4CAD718DFAB00005F4C8E /* SubliminalNewReadme.app */;
			productType = "com.apple.product-type.application";
		};
		50F4CAF718DFAB00005F4C8E /* SubliminalNewReadmeTests */ = {
			isa = PBXNativeTarget;
			buildConfigurationList = 50F4CB0C18DFAB00005F4C8E /* Build configuration list for PBXNativeTarget "SubliminalNewReadmeTests" */;
			buildPhases = (
				50F4CAF418DFAB00005F4C8E /* Sources */,
				50F4CAF518DFAB00005F4C8E /* Frameworks */,
				50F4CAF618DFAB00005F4C8E /* Resources */,
			);
			buildRules = (
			);
			dependencies = (
				50F4CAFE18DFAB00005F4C8E /* PBXTargetDependency */,
			);
			name = SubliminalNewReadmeTests;
			productName = SubliminalNewReadmeTests;
			productReference = 50F4CAF818DFAB00005F4C8E /* SubliminalNewReadmeTests.xctest */;
			productType = "com.apple.product-type.bundle.unit-test";
		};
		50F4CB7D18DFAC15005F4C8E /* Integration Tests */ = {
			isa = PBXNativeTarget;
			buildConfigurationList = 50F4CB8A18DFAC15005F4C8E /* Build configuration list for PBXNativeTarget "Integration Tests" */;
			buildPhases = (
				50F4CB7E18DFAC15005F4C8E /* Sources */,
				50F4CB8218DFAC15005F4C8E /* Frameworks */,
				50F4CB8618DFAC15005F4C8E /* Resources */,
			);
			buildRules = (
			);
			dependencies = (
				50F4CB9118DFAC4E005F4C8E /* PBXTargetDependency */,
			);
			name = "Integration Tests";
			productName = SubliminalNewReadme;
			productReference = 50F4CB8D18DFAC15005F4C8E /* SubliminalNewReadme (Integration Tests).app */;
			productType = "com.apple.product-type.application";
		};
/* End PBXNativeTarget section */

/* Begin PBXProject section */
		50F4CACF18DFAB00005F4C8E /* Project object */ = {
			isa = PBXProject;
			attributes = {
				LastUpgradeCheck = 0510;
				ORGANIZATIONNAME = Heyzap;
				TargetAttributes = {
					50F4CAF718DFAB00005F4C8E = {
						TestTargetID = 50F4CAD618DFAB00005F4C8E;
					};
				};
			};
			buildConfigurationList = 50F4CAD218DFAB00005F4C8E /* Build configuration list for PBXProject "SubliminalNewReadme" */;
			compatibilityVersion = "Xcode 3.2";
			developmentRegion = English;
			hasScannedForEncodings = 0;
			knownRegions = (
				en,
				Base,
			);
			mainGroup = 50F4CACE18DFAB00005F4C8E;
			productRefGroup = 50F4CAD818DFAB00005F4C8E /* Products */;
			projectDirPath = "";
			projectReferences = (
				{
					ProductGroup = 50F4CB6D18DFAC0A005F4C8E /* Products */;
					ProjectRef = 50F4CB6C18DFAC0A005F4C8E /* Subliminal.xcodeproj */;
				},
			);
			projectRoot = "";
			targets = (
				50F4CAD618DFAB00005F4C8E /* SubliminalNewReadme */,
				50F4CAF718DFAB00005F4C8E /* SubliminalNewReadmeTests */,
				50F4CB7D18DFAC15005F4C8E /* Integration Tests */,
			);
		};
/* End PBXProject section */

/* Begin PBXReferenceProxy section */
		50F4CB7618DFAC0A005F4C8E /* libSubliminal.a */ = {
			isa = PBXReferenceProxy;
			fileType = archive.ar;
			path = libSubliminal.a;
			remoteRef = 50F4CB7518DFAC0A005F4C8E /* PBXContainerItemProxy */;
			sourceTree = BUILT_PRODUCTS_DIR;
		};
		50F4CB7818DFAC0A005F4C8E /* Subliminal (Unit Tests).octest */ = {
			isa = PBXReferenceProxy;
			fileType = wrapper.cfbundle;
			path = "Subliminal (Unit Tests).octest";
			remoteRef = 50F4CB7718DFAC0A005F4C8E /* PBXContainerItemProxy */;
			sourceTree = BUILT_PRODUCTS_DIR;
		};
		50F4CB7A18DFAC0A005F4C8E /* Subliminal (Integration Tests).app */ = {
			isa = PBXReferenceProxy;
			fileType = wrapper.application;
			path = "Subliminal (Integration Tests).app";
			remoteRef = 50F4CB7918DFAC0A005F4C8E /* PBXContainerItemProxy */;
			sourceTree = BUILT_PRODUCTS_DIR;
		};
		50F4CB7C18DFAC0A005F4C8E /* SLLogger.framework */ = {
			isa = PBXReferenceProxy;
			fileType = wrapper.framework;
			path = SLLogger.framework;
			remoteRef = 50F4CB7B18DFAC0A005F4C8E /* PBXContainerItemProxy */;
			sourceTree = BUILT_PRODUCTS_DIR;
		};
/* End PBXReferenceProxy section */

/* Begin PBXResourcesBuildPhase section */
		50F4CAD518DFAB00005F4C8E /* Resources */ = {
			isa = PBXResourcesBuildPhase;
			buildActionMask = 2147483647;
			files = (
				50F4CAF318DFAB00005F4C8E /* Images.xcassets in Resources */,
				50F4CAE518DFAB00005F4C8E /* InfoPlist.strings in Resources */,
				50F4CAEE18DFAB00005F4C8E /* Main.storyboard in Resources */,
			);
			runOnlyForDeploymentPostprocessing = 0;
		};
		50F4CAF618DFAB00005F4C8E /* Resources */ = {
			isa = PBXResourcesBuildPhase;
			buildActionMask = 2147483647;
			files = (
				50F4CB0418DFAB00005F4C8E /* InfoPlist.strings in Resources */,
			);
			runOnlyForDeploymentPostprocessing = 0;
		};
		50F4CB8618DFAC15005F4C8E /* Resources */ = {
			isa = PBXResourcesBuildPhase;
			buildActionMask = 2147483647;
			files = (
				50F4CB9318DFAC5C005F4C8E /* Integration Tests.xcconfig in Resources */,
				50F4CB8718DFAC15005F4C8E /* Images.xcassets in Resources */,
				50F4CB8818DFAC15005F4C8E /* InfoPlist.strings in Resources */,
				50F4CB8918DFAC15005F4C8E /* Main.storyboard in Resources */,
			);
			runOnlyForDeploymentPostprocessing = 0;
		};
/* End PBXResourcesBuildPhase section */

/* Begin PBXSourcesBuildPhase section */
		50F4CAD318DFAB00005F4C8E /* Sources */ = {
			isa = PBXSourcesBuildPhase;
			buildActionMask = 2147483647;
			files = (
				50F4CAF118DFAB00005F4C8E /* ViewController.m in Sources */,
				50F4CAEB18DFAB00005F4C8E /* AppDelegate.m in Sources */,
				50F4CAE718DFAB00005F4C8E /* main.m in Sources */,
			);
			runOnlyForDeploymentPostprocessing = 0;
		};
		50F4CAF418DFAB00005F4C8E /* Sources */ = {
			isa = PBXSourcesBuildPhase;
			buildActionMask = 2147483647;
			files = (
				50F4CB0618DFAB00005F4C8E /* SubliminalNewReadmeTests.m in Sources */,
			);
			runOnlyForDeploymentPostprocessing = 0;
		};
		50F4CB7E18DFAC15005F4C8E /* Sources */ = {
			isa = PBXSourcesBuildPhase;
			buildActionMask = 2147483647;
			files = (
				50F4CB7F18DFAC15005F4C8E /* ViewController.m in Sources */,
				50F4CB8018DFAC15005F4C8E /* AppDelegate.m in Sources */,
				50F4CB8118DFAC15005F4C8E /* main.m in Sources */,
				50F4CB9718DFAD27005F4C8E /* ATest.m in Sources */,
			);
			runOnlyForDeploymentPostprocessing = 0;
		};
/* End PBXSourcesBuildPhase section */

/* Begin PBXTargetDependency section */
		50F4CAFE18DFAB00005F4C8E /* PBXTargetDependency */ = {
			isa = PBXTargetDependency;
			target = 50F4CAD618DFAB00005F4C8E /* SubliminalNewReadme */;
			targetProxy = 50F4CAFD18DFAB00005F4C8E /* PBXContainerItemProxy */;
		};
		50F4CB9118DFAC4E005F4C8E /* PBXTargetDependency */ = {
			isa = PBXTargetDependency;
			name = Subliminal;
			targetProxy = 50F4CB9018DFAC4E005F4C8E /* PBXContainerItemProxy */;
		};
/* End PBXTargetDependency section */

/* Begin PBXVariantGroup section */
		50F4CAE318DFAB00005F4C8E /* InfoPlist.strings */ = {
			isa = PBXVariantGroup;
			children = (
				50F4CAE418DFAB00005F4C8E /* en */,
			);
			name = InfoPlist.strings;
			sourceTree = "<group>";
		};
		50F4CAEC18DFAB00005F4C8E /* Main.storyboard */ = {
			isa = PBXVariantGroup;
			children = (
				50F4CAED18DFAB00005F4C8E /* Base */,
			);
			name = Main.storyboard;
			sourceTree = "<group>";
		};
		50F4CB0218DFAB00005F4C8E /* InfoPlist.strings */ = {
			isa = PBXVariantGroup;
			children = (
				50F4CB0318DFAB00005F4C8E /* en */,
			);
			name = InfoPlist.strings;
			sourceTree = "<group>";
		};
/* End PBXVariantGroup section */

/* Begin XCBuildConfiguration section */
		50F4CB0718DFAB00005F4C8E /* Debug */ = {
			isa = XCBuildConfiguration;
			buildSettings = {
				ALWAYS_SEARCH_USER_PATHS = NO;
				CLANG_CXX_LANGUAGE_STANDARD = "gnu++0x";
				CLANG_CXX_LIBRARY = "libc++";
				CLANG_ENABLE_MODULES = YES;
				CLANG_ENABLE_OBJC_ARC = YES;
				CLANG_WARN_BOOL_CONVERSION = YES;
				CLANG_WARN_CONSTANT_CONVERSION = YES;
				CLANG_WARN_DIRECT_OBJC_ISA_USAGE = YES_ERROR;
				CLANG_WARN_EMPTY_BODY = YES;
				CLANG_WARN_ENUM_CONVERSION = YES;
				CLANG_WARN_INT_CONVERSION = YES;
				CLANG_WARN_OBJC_ROOT_CLASS = YES_ERROR;
				CLANG_WARN__DUPLICATE_METHOD_MATCH = YES;
				"CODE_SIGN_IDENTITY[sdk=iphoneos*]" = "iPhone Developer";
				COPY_PHASE_STRIP = NO;
				GCC_C_LANGUAGE_STANDARD = gnu99;
				GCC_DYNAMIC_NO_PIC = NO;
				GCC_OPTIMIZATION_LEVEL = 0;
				GCC_PREPROCESSOR_DEFINITIONS = (
					"DEBUG=1",
					"$(inherited)",
				);
				GCC_SYMBOLS_PRIVATE_EXTERN = NO;
				GCC_WARN_64_TO_32_BIT_CONVERSION = YES;
				GCC_WARN_ABOUT_RETURN_TYPE = YES_ERROR;
				GCC_WARN_UNDECLARED_SELECTOR = YES;
				GCC_WARN_UNINITIALIZED_AUTOS = YES_AGGRESSIVE;
				GCC_WARN_UNUSED_FUNCTION = YES;
				GCC_WARN_UNUSED_VARIABLE = YES;
				IPHONEOS_DEPLOYMENT_TARGET = 7.1;
				ONLY_ACTIVE_ARCH = YES;
				SDKROOT = iphoneos;
			};
			name = Debug;
		};
		50F4CB0818DFAB00005F4C8E /* Release */ = {
			isa = XCBuildConfiguration;
			buildSettings = {
				ALWAYS_SEARCH_USER_PATHS = NO;
				CLANG_CXX_LANGUAGE_STANDARD = "gnu++0x";
				CLANG_CXX_LIBRARY = "libc++";
				CLANG_ENABLE_MODULES = YES;
				CLANG_ENABLE_OBJC_ARC = YES;
				CLANG_WARN_BOOL_CONVERSION = YES;
				CLANG_WARN_CONSTANT_CONVERSION = YES;
				CLANG_WARN_DIRECT_OBJC_ISA_USAGE = YES_ERROR;
				CLANG_WARN_EMPTY_BODY = YES;
				CLANG_WARN_ENUM_CONVERSION = YES;
				CLANG_WARN_INT_CONVERSION = YES;
				CLANG_WARN_OBJC_ROOT_CLASS = YES_ERROR;
				CLANG_WARN__DUPLICATE_METHOD_MATCH = YES;
				"CODE_SIGN_IDENTITY[sdk=iphoneos*]" = "iPhone Developer";
				COPY_PHASE_STRIP = YES;
				ENABLE_NS_ASSERTIONS = NO;
				GCC_C_LANGUAGE_STANDARD = gnu99;
				GCC_WARN_64_TO_32_BIT_CONVERSION = YES;
				GCC_WARN_ABOUT_RETURN_TYPE = YES_ERROR;
				GCC_WARN_UNDECLARED_SELECTOR = YES;
				GCC_WARN_UNINITIALIZED_AUTOS = YES_AGGRESSIVE;
				GCC_WARN_UNUSED_FUNCTION = YES;
				GCC_WARN_UNUSED_VARIABLE = YES;
				IPHONEOS_DEPLOYMENT_TARGET = 7.1;
				SDKROOT = iphoneos;
				VALIDATE_PRODUCT = YES;
			};
			name = Release;
		};
		50F4CB0A18DFAB00005F4C8E /* Debug */ = {
			isa = XCBuildConfiguration;
			buildSettings = {
				ASSETCATALOG_COMPILER_APPICON_NAME = AppIcon;
				ASSETCATALOG_COMPILER_LAUNCHIMAGE_NAME = LaunchImage;
				GCC_PRECOMPILE_PREFIX_HEADER = YES;
				GCC_PREFIX_HEADER = "SubliminalNewReadme/SubliminalNewReadme-Prefix.pch";
				INFOPLIST_FILE = "SubliminalNewReadme/SubliminalNewReadme-Info.plist";
				PRODUCT_NAME = "$(TARGET_NAME)";
				WRAPPER_EXTENSION = app;
			};
			name = Debug;
		};
		50F4CB0B18DFAB00005F4C8E /* Release */ = {
			isa = XCBuildConfiguration;
			buildSettings = {
				ASSETCATALOG_COMPILER_APPICON_NAME = AppIcon;
				ASSETCATALOG_COMPILER_LAUNCHIMAGE_NAME = LaunchImage;
				GCC_PRECOMPILE_PREFIX_HEADER = YES;
				GCC_PREFIX_HEADER = "SubliminalNewReadme/SubliminalNewReadme-Prefix.pch";
				INFOPLIST_FILE = "SubliminalNewReadme/SubliminalNewReadme-Info.plist";
				PRODUCT_NAME = "$(TARGET_NAME)";
				WRAPPER_EXTENSION = app;
			};
			name = Release;
		};
		50F4CB0D18DFAB00005F4C8E /* Debug */ = {
			isa = XCBuildConfiguration;
			buildSettings = {
				BUNDLE_LOADER = "$(BUILT_PRODUCTS_DIR)/SubliminalNewReadme.app/SubliminalNewReadme";
				FRAMEWORK_SEARCH_PATHS = (
					"$(SDKROOT)/Developer/Library/Frameworks",
					"$(inherited)",
					"$(DEVELOPER_FRAMEWORKS_DIR)",
				);
				GCC_PRECOMPILE_PREFIX_HEADER = YES;
				GCC_PREFIX_HEADER = "SubliminalNewReadme/SubliminalNewReadme-Prefix.pch";
				GCC_PREPROCESSOR_DEFINITIONS = (
					"DEBUG=1",
					"$(inherited)",
				);
				INFOPLIST_FILE = "SubliminalNewReadmeTests/SubliminalNewReadmeTests-Info.plist";
				PRODUCT_NAME = "$(TARGET_NAME)";
				TEST_HOST = "$(BUNDLE_LOADER)";
				WRAPPER_EXTENSION = xctest;
			};
			name = Debug;
		};
		50F4CB0E18DFAB00005F4C8E /* Release */ = {
			isa = XCBuildConfiguration;
			buildSettings = {
				BUNDLE_LOADER = "$(BUILT_PRODUCTS_DIR)/SubliminalNewReadme.app/SubliminalNewReadme";
				FRAMEWORK_SEARCH_PATHS = (
					"$(SDKROOT)/Developer/Library/Frameworks",
					"$(inherited)",
					"$(DEVELOPER_FRAMEWORKS_DIR)",
				);
				GCC_PRECOMPILE_PREFIX_HEADER = YES;
				GCC_PREFIX_HEADER = "SubliminalNewReadme/SubliminalNewReadme-Prefix.pch";
				INFOPLIST_FILE = "SubliminalNewReadmeTests/SubliminalNewReadmeTests-Info.plist";
				PRODUCT_NAME = "$(TARGET_NAME)";
				TEST_HOST = "$(BUNDLE_LOADER)";
				WRAPPER_EXTENSION = xctest;
			};
			name = Release;
		};
		50F4CB8B18DFAC15005F4C8E /* Debug */ = {
			isa = XCBuildConfiguration;
			baseConfigurationReference = 50F4CB9218DFAC5C005F4C8E /* Integration Tests.xcconfig */;
			buildSettings = {
				ASSETCATALOG_COMPILER_APPICON_NAME = AppIcon;
				ASSETCATALOG_COMPILER_LAUNCHIMAGE_NAME = LaunchImage;
				GCC_PRECOMPILE_PREFIX_HEADER = YES;
				GCC_PREFIX_HEADER = "SubliminalNewReadme/SubliminalNewReadme-Prefix.pch";
				INFOPLIST_FILE = "$(SRCROOT)/SubliminalNewReadme/SubliminalNewReadme-Info.plist";
				WRAPPER_EXTENSION = app;
			};
			name = Debug;
		};
		50F4CB8C18DFAC15005F4C8E /* Release */ = {
			isa = XCBuildConfiguration;
			baseConfigurationReference = 50F4CB9218DFAC5C005F4C8E /* Integration Tests.xcconfig */;
			buildSettings = {
				ASSETCATALOG_COMPILER_APPICON_NAME = AppIcon;
				ASSETCATALOG_COMPILER_LAUNCHIMAGE_NAME = LaunchImage;
				GCC_PRECOMPILE_PREFIX_HEADER = YES;
				GCC_PREFIX_HEADER = "SubliminalNewReadme/SubliminalNewReadme-Prefix.pch";
				INFOPLIST_FILE = "$(SRCROOT)/SubliminalNewReadme/SubliminalNewReadme-Info.plist";
				WRAPPER_EXTENSION = app;
			};
			name = Release;
		};
/* End XCBuildConfiguration section */

/* Begin XCConfigurationList section */
		50F4CAD218DFAB00005F4C8E /* Build configuration list for PBXProject "SubliminalNewReadme" */ = {
			isa = XCConfigurationList;
			buildConfigurations = (
				50F4CB0718DFAB00005F4C8E /* Debug */,
				50F4CB0818DFAB00005F4C8E /* Release */,
			);
			defaultConfigurationIsVisible = 0;
			defaultConfigurationName = Release;
		};
		50F4CB0918DFAB00005F4C8E /* Build configuration list for PBXNativeTarget "SubliminalNewReadme" */ = {
			isa = XCConfigurationList;
			buildConfigurations = (
				50F4CB0A18DFAB00005F4C8E /* Debug */,
				50F4CB0B18DFAB00005F4C8E /* Release */,
			);
			defaultConfigurationIsVisible = 0;
		};
		50F4CB0C18DFAB00005F4C8E /* Build configuration list for PBXNativeTarget "SubliminalNewReadmeTests" */ = {
			isa = XCConfigurationList;
			buildConfigurations = (
				50F4CB0D18DFAB00005F4C8E /* Debug */,
				50F4CB0E18DFAB00005F4C8E /* Release */,
			);
			defaultConfigurationIsVisible = 0;
		};
		50F4CB8A18DFAC15005F4C8E /* Build configuration list for PBXNativeTarget "Integration Tests" */ = {
			isa = XCConfigurationList;
			buildConfigurations = (
				50F4CB8B18DFAC15005F4C8E /* Debug */,
				50F4CB8C18DFAC15005F4C8E /* Release */,
			);
			defaultConfigurationIsVisible = 0;
			defaultConfigurationName = Release;
		};
/* End XCConfigurationList section */
	};
	rootObject = 50F4CACF18DFAB00005F4C8E /* Project object */;
}
